
Microsoft Visual Studio Solution File, Format Version 12.00
# Visual Studio Version 17
VisualStudioVersion = 17.9.34622.214
MinimumVisualStudioVersion = 10.0.40219.1
Project("{FAE04EC0-301F-11D3-BF4B-00C04F79EFBC}") = "ITI_API_Learn", "ITI_API_Learn.csproj", "{FACA7D4B-B923-4272-ADC7-AEDEF3586768}"
EndProject
Global
	GlobalSection(SolutionConfigurationPlatforms) = preSolution
		Debug|Any CPU = Debug|Any CPU
		Release|Any CPU = Release|Any CPU
	EndGlobalSection
	GlobalSection(ProjectConfigurationPlatforms) = postSolution
		{FACA7D4B-B923-4272-ADC7-AEDEF3586768}.Debug|Any CPU.ActiveCfg = Debug|Any CPU
		{FACA7D4B-B923-4272-ADC7-AEDEF3586768}.Debug|Any CPU.Build.0 = Debug|Any CPU
		{FACA7D4B-B923-4272-ADC7-AEDEF3586768}.Release|Any CPU.ActiveCfg = Release|Any CPU
		{FACA7D4B-B923-4272-ADC7-AEDEF3586768}.Release|Any CPU.Build.0 = Release|Any CPU
	EndGlobalSection
	GlobalSection(SolutionProperties) = preSolution
		HideSolutionNode = FALSE
	EndGlobalSection
	GlobalSection(ExtensibilityGlobals) = postSolution
		SolutionGuid = {CAFA432B-2439-4A13-AFEB-E458A4521198}
	EndGlobalSection
EndGlobal
